// !$*UTF8*$!
{
	archiveVersion = 1;
	classes = {
	};
	objectVersion = 46;
	objects = {

/* Begin PBXBuildFile section */
		B432E1D01C29B2CA00BB936D /* AppDelegate.m in Sources */ = {isa = PBXBuildFile; fileRef = B432E1CF1C29B2CA00BB936D /* AppDelegate.m */; };
		B432E1D31C29B2CA00BB936D /* main.m in Sources */ = {isa = PBXBuildFile; fileRef = B432E1D21C29B2CA00BB936D /* main.m */; };
		B432E1D61C29B2CA00BB936D /* ViewController.m in Sources */ = {isa = PBXBuildFile; fileRef = B432E1D51C29B2CA00BB936D /* ViewController.m */; };
		B432E1D81C29B2CA00BB936D /* Assets.xcassets in Resources */ = {isa = PBXBuildFile; fileRef = B432E1D71C29B2CA00BB936D /* Assets.xcassets */; };
		B432E1DB1C29B2CA00BB936D /* Main.storyboard in Resources */ = {isa = PBXBuildFile; fileRef = B432E1D91C29B2CA00BB936D /* Main.storyboard */; };
		B432E1E61C29B2CA00BB936D /* TableView_projectTests.m in Sources */ = {isa = PBXBuildFile; fileRef = B432E1E51C29B2CA00BB936D /* TableView_projectTests.m */; };
		B432E1F11C29B2CA00BB936D /* TableView_projectUITests.m in Sources */ = {isa = PBXBuildFile; fileRef = B432E1F01C29B2CA00BB936D /* TableView_projectUITests.m */; };
		B432E2001C29B34400BB936D /* myViewController.m in Sources */ = {isa = PBXBuildFile; fileRef = B432E1FF1C29B34400BB936D /* myViewController.m */; };
/* End PBXBuildFile section */

/* Begin PBXContainerItemProxy section */
		B432E1E21C29B2CA00BB936D /* PBXContainerItemProxy */ = {
			isa = PBXContainerItemProxy;
			containerPortal = B432E1C31C29B2CA00BB936D /* Project object */;
			proxyType = 1;
			remoteGlobalIDString = B432E1CA1C29B2CA00BB936D;
			remoteInfo = "TableView-project";
		};
		B432E1ED1C29B2CA00BB936D /* PBXContainerItemProxy */ = {
			isa = PBXContainerItemProxy;
			containerPortal = B432E1C31C29B2CA00BB936D /* Project object */;
			proxyType = 1;
			remoteGlobalIDString = B432E1CA1C29B2CA00BB936D;
			remoteInfo = "TableView-project";
		};
/* End PBXContainerItemProxy section */

/* Begin PBXFileReference section */
		B432E1CB1C29B2CA00BB936D /* TableView-project.app */ = {isa = PBXFileReference; explicitFileType = wrapper.application; includeInIndex = 0; path = "TableView-project.app"; sourceTree = BUILT_PRODUCTS_DIR; };
		B432E1CE1C29B2CA00BB936D /* AppDelegate.h */ = {isa = PBXFileReference; lastKnownFileType = sourcecode.c.h; path = AppDelegate.h; sourceTree = "<group>"; };
		B432E1CF1C29B2CA00BB936D /* AppDelegate.m */ = {isa = PBXFileReference; lastKnownFileType = sourcecode.c.objc; path = AppDelegate.m; sourceTree = "<group>"; };
		B432E1D21C29B2CA00BB936D /* main.m */ = {isa = PBXFileReference; lastKnownFileType = sourcecode.c.objc; path = main.m; sourceTree = "<group>"; };
		B432E1D41C29B2CA00BB936D /* ViewController.h */ = {isa = PBXFileReference; lastKnownFileType = sourcecode.c.h; path = ViewController.h; sourceTree = "<group>"; };
		B432E1D51C29B2CA00BB936D /* ViewController.m */ = {isa = PBXFileReference; lastKnownFileType = sourcecode.c.objc; path = ViewController.m; sourceTree = "<group>"; };
		B432E1D71C29B2CA00BB936D /* Assets.xcassets */ = {isa = PBXFileReference; lastKnownFileType = folder.assetcatalog; path = Assets.xcassets; sourceTree = "<group>"; };
		B432E1DA1C29B2CA00BB936D /* Base */ = {isa = PBXFileReference; lastKnownFileType = file.storyboard; name = Base; path = Base.lproj/Main.storyboard; sourceTree = "<group>"; };
		B432E1DC1C29B2CA00BB936D /* Info.plist */ = {isa = PBXFileReference; lastKnownFileType = text.plist.xml; path = Info.plist; sourceTree = "<group>"; };
		B432E1E11C29B2CA00BB936D /* TableView-projectTests.xctest */ = {isa = PBXFileReference; explicitFileType = wrapper.cfbundle; includeInIndex = 0; path = "TableView-projectTests.xctest"; sourceTree = BUILT_PRODUCTS_DIR; };
		B432E1E51C29B2CA00BB936D /* TableView_projectTests.m */ = {isa = PBXFileReference; lastKnownFileType = sourcecode.c.objc; path = TableView_projectTests.m; sourceTree = "<group>"; };
		B432E1E71C29B2CA00BB936D /* Info.plist */ = {isa = PBXFileReference; lastKnownFileType = text.plist.xml; path = Info.plist; sourceTree = "<group>"; };
		B432E1EC1C29B2CA00BB936D /* TableView-projectUITests.xctest */ = {isa = PBXFileReference; explicitFileType = wrapper.cfbundle; includeInIndex = 0; path = "TableView-projectUITests.xctest"; sourceTree = BUILT_PRODUCTS_DIR; };
		B432E1F01C29B2CA00BB936D /* TableView_projectUITests.m */ = {isa = PBXFileReference; lastKnownFileType = sourcecode.c.objc; path = TableView_projectUITests.m; sourceTree = "<group>"; };
		B432E1F21C29B2CA00BB936D /* Info.plist */ = {isa = PBXFileReference; lastKnownFileType = text.plist.xml; path = Info.plist; sourceTree = "<group>"; };
		B432E1FE1C29B34400BB936D /* myViewController.h */ = {isa = PBXFileReference; fileEncoding = 4; lastKnownFileType = sourcecode.c.h; path = myViewController.h; sourceTree = "<group>"; };
		B432E1FF1C29B34400BB936D /* myViewController.m */ = {isa = PBXFileReference; fileEncoding = 4; lastKnownFileType = sourcecode.c.objc; path = myViewController.m; sourceTree = "<group>"; };
/* End PBXFileReference section */

/* Begin PBXFrameworksBuildPhase section */
		B432E1C81C29B2CA00BB936D /* Frameworks */ = {
			isa = PBXFrameworksBuildPhase;
			buildActionMask = 2147483647;
			files = (
			);
			runOnlyForDeploymentPostprocessing = 0;
		};
		B432E1DE1C29B2CA00BB936D /* Frameworks */ = {
			isa = PBXFrameworksBuildPhase;
			buildActionMask = 2147483647;
			files = (
			);
			runOnlyForDeploymentPostprocessing = 0;
		};
		B432E1E91C29B2CA00BB936D /* Frameworks */ = {
			isa = PBXFrameworksBuildPhase;
			buildActionMask = 2147483647;
			files = (
			);
			runOnlyForDeploymentPostprocessing = 0;
		};
/* End PBXFrameworksBuildPhase section */

/* Begin PBXGroup section */
		B432E1C21C29B2CA00BB936D = {
			isa = PBXGroup;
			children = (
				B432E1CD1C29B2CA00BB936D /* TableView-project */,
				B432E1E41C29B2CA00BB936D /* TableView-projectTests */,
				B432E1EF1C29B2CA00BB936D /* TableView-projectUITests */,
				B432E1CC1C29B2CA00BB936D /* Products */,
			);
			sourceTree = "<group>";
		};
		B432E1CC1C29B2CA00BB936D /* Products */ = {
			isa = PBXGroup;
			children = (
				B432E1CB1C29B2CA00BB936D /* TableView-project.app */,
				B432E1E11C29B2CA00BB936D /* TableView-projectTests.xctest */,
				B432E1EC1C29B2CA00BB936D /* TableView-projectUITests.xctest */,
			);
			name = Products;
			sourceTree = "<group>";
		};
		B432E1CD1C29B2CA00BB936D /* TableView-project */ = {
			isa = PBXGroup;
			children = (
				B432E1CE1C29B2CA00BB936D /* AppDelegate.h */,
				B432E1CF1C29B2CA00BB936D /* AppDelegate.m */,
				B432E1D41C29B2CA00BB936D /* ViewController.h */,
				B432E1D51C29B2CA00BB936D /* ViewController.m */,
				B432E1D71C29B2CA00BB936D /* Assets.xcassets */,
				B432E1D91C29B2CA00BB936D /* Main.storyboard */,
				B432E1FE1C29B34400BB936D /* myViewController.h */,
				B432E1FF1C29B34400BB936D /* myViewController.m */,
				B432E1DC1C29B2CA00BB936D /* Info.plist */,
				B432E1D11C29B2CA00BB936D /* Supporting Files */,
			);
			path = "TableView-project";
			sourceTree = "<group>";
		};
		B432E1D11C29B2CA00BB936D /* Supporting Files */ = {
			isa = PBXGroup;
			children = (
				B432E1D21C29B2CA00BB936D /* main.m */,
			);
			name = "Supporting Files";
			sourceTree = "<group>";
		};
		B432E1E41C29B2CA00BB936D /* TableView-projectTests */ = {
			isa = PBXGroup;
			children = (
				B432E1E51C29B2CA00BB936D /* TableView_projectTests.m */,
				B432E1E71C29B2CA00BB936D /* Info.plist */,
			);
			path = "TableView-projectTests";
			sourceTree = "<group>";
		};
		B432E1EF1C29B2CA00BB936D /* TableView-projectUITests */ = {
			isa = PBXGroup;
			children = (
				B432E1F01C29B2CA00BB936D /* TableView_projectUITests.m */,
				B432E1F21C29B2CA00BB936D /* Info.plist */,
			);
			path = "TableView-projectUITests";
			sourceTree = "<group>";
		};
/* End PBXGroup section */

/* Begin PBXNativeTarget section */
		B432E1CA1C29B2CA00BB936D /* TableView-project */ = {
			isa = PBXNativeTarget;
			buildConfigurationList = B432E1F51C29B2CA00BB936D /* Build configuration list for PBXNativeTarget "TableView-project" */;
			buildPhases = (
				B432E1C71C29B2CA00BB936D /* Sources */,
				B432E1C81C29B2CA00BB936D /* Frameworks */,
				B432E1C91C29B2CA00BB936D /* Resources */,
			);
			buildRules = (
			);
			dependencies = (
			);
			name = "TableView-project";
			productName = "TableView-project";
			productReference = B432E1CB1C29B2CA00BB936D /* TableView-project.app */;
			productType = "com.apple.product-type.application";
		};
		B432E1E01C29B2CA00BB936D /* TableView-projectTests */ = {
			isa = PBXNativeTarget;
			buildConfigurationList = B432E1F81C29B2CA00BB936D /* Build configuration list for PBXNativeTarget "TableView-projectTests" */;
			buildPhases = (
				B432E1DD1C29B2CA00BB936D /* Sources */,
				B432E1DE1C29B2CA00BB936D /* Frameworks */,
				B432E1DF1C29B2CA00BB936D /* Resources */,
			);
			buildRules = (
			);
			dependencies = (
				B432E1E31C29B2CA00BB936D /* PBXTargetDependency */,
			);
			name = "TableView-projectTests";
			productName = "TableView-projectTests";
			productReference = B432E1E11C29B2CA00BB936D /* TableView-projectTests.xctest */;
			productType = "com.apple.product-type.bundle.unit-test";
		};
		B432E1EB1C29B2CA00BB936D /* TableView-projectUITests */ = {
			isa = PBXNativeTarget;
			buildConfigurationList = B432E1FB1C29B2CA00BB936D /* Build configuration list for PBXNativeTarget "TableView-projectUITests" */;
			buildPhases = (
				B432E1E81C29B2CA00BB936D /* Sources */,
				B432E1E91C29B2CA00BB936D /* Frameworks */,
				B432E1EA1C29B2CA00BB936D /* Resources */,
			);
			buildRules = (
			);
			dependencies = (
				B432E1EE1C29B2CA00BB936D /* PBXTargetDependency */,
			);
			name = "TableView-projectUITests";
			productName = "TableView-projectUITests";
			productReference = B432E1EC1C29B2CA00BB936D /* TableView-projectUITests.xctest */;
			productType = "com.apple.product-type.bundle.ui-testing";
		};
/* End PBXNativeTarget section */

/* Begin PBXProject section */
		B432E1C31C29B2CA00BB936D /* Project object */ = {
			isa = PBXProject;
			attributes = {
				LastUpgradeCheck = 0720;
				ORGANIZATIONNAME = "Robert Tomala";
				TargetAttributes = {
					B432E1CA1C29B2CA00BB936D = {
						CreatedOnToolsVersion = 7.2;
					};
					B432E1E01C29B2CA00BB936D = {
						CreatedOnToolsVersion = 7.2;
						TestTargetID = B432E1CA1C29B2CA00BB936D;
					};
					B432E1EB1C29B2CA00BB936D = {
						CreatedOnToolsVersion = 7.2;
						TestTargetID = B432E1CA1C29B2CA00BB936D;
					};
				};
			};
			buildConfigurationList = B432E1C61C29B2CA00BB936D /* Build configuration list for PBXProject "TableView-project" */;
			compatibilityVersion = "Xcode 3.2";
			developmentRegion = English;
			hasScannedForEncodings = 0;
			knownRegions = (
				en,
				Base,
			);
			mainGroup = B432E1C21C29B2CA00BB936D;
			productRefGroup = B432E1CC1C29B2CA00BB936D /* Products */;
			projectDirPath = "";
			projectRoot = "";
			targets = (
				B432E1CA1C29B2CA00BB936D /* TableView-project */,
				B432E1E01C29B2CA00BB936D /* TableView-projectTests */,
				B432E1EB1C29B2CA00BB936D /* TableView-projectUITests */,
			);
		};
/* End PBXProject section */

/* Begin PBXResourcesBuildPhase section */
		B432E1C91C29B2CA00BB936D /* Resources */ = {
			isa = PBXResourcesBuildPhase;
			buildActionMask = 2147483647;
			files = (
				B432E1D81C29B2CA00BB936D /* Assets.xcassets in Resources */,
				B432E1DB1C29B2CA00BB936D /* Main.storyboard in Resources */,
			);
			runOnlyForDeploymentPostprocessing = 0;
		};
		B432E1DF1C29B2CA00BB936D /* Resources */ = {
			isa = PBXResourcesBuildPhase;
			buildActionMask = 2147483647;
			files = (
			);
			runOnlyForDeploymentPostprocessing = 0;
		};
		B432E1EA1C29B2CA00BB936D /* Resources */ = {
			isa = PBXResourcesBuildPhase;
			buildActionMask = 2147483647;
			files = (
			);
			runOnlyForDeploymentPostprocessing = 0;
		};
/* End PBXResourcesBuildPhase section */

/* Begin PBXSourcesBuildPhase section */
		B432E1C71C29B2CA00BB936D /* Sources */ = {
			isa = PBXSourcesBuildPhase;
			buildActionMask = 2147483647;
			files = (
				B432E1D61C29B2CA00BB936D /* ViewController.m in Sources */,
				B432E1D31C29B2CA00BB936D /* main.m in Sources */,
				B432E2001C29B34400BB936D /* myViewController.m in Sources */,
				B432E1D01C29B2CA00BB936D /* AppDelegate.m in Sources */,
			);
			runOnlyForDeploymentPostprocessing = 0;
		};
		B432E1DD1C29B2CA00BB936D /* Sources */ = {
			isa = PBXSourcesBuildPhase;
			buildActionMask = 2147483647;
			files = (
				B432E1E61C29B2CA00BB936D /* TableView_projectTests.m in Sources */,
			);
			runOnlyForDeploymentPostprocessing = 0;
		};
		B432E1E81C29B2CA00BB936D /* Sources */ = {
			isa = PBXSourcesBuildPhase;
			buildActionMask = 2147483647;
			files = (
				B432E1F11C29B2CA00BB936D /* TableView_projectUITests.m in Sources */,
			);
			runOnlyForDeploymentPostprocessing = 0;
		};
/* End PBXSourcesBuildPhase section */

/* Begin PBXTargetDependency section */
		B432E1E31C29B2CA00BB936D /* PBXTargetDependency */ = {
			isa = PBXTargetDependency;
			target = B432E1CA1C29B2CA00BB936D /* TableView-project */;
			targetProxy = B432E1E21C29B2CA00BB936D /* PBXContainerItemProxy */;
		};
		B432E1EE1C29B2CA00BB936D /* PBXTargetDependency */ = {
			isa = PBXTargetDependency;
			target = B432E1CA1C29B2CA00BB936D /* TableView-project */;
			targetProxy = B432E1ED1C29B2CA00BB936D /* PBXContainerItemProxy */;
		};
/* End PBXTargetDependency section */

/* Begin PBXVariantGroup section */
		B432E1D91C29B2CA00BB936D /* Main.storyboard */ = {
			isa = PBXVariantGroup;
			children = (
				B432E1DA1C29B2CA00BB936D /* Base */,
			);
			name = Main.storyboard;
			sourceTree = "<group>";
		};
/* End PBXVariantGroup section */

/* Begin XCBuildConfiguration section */
		B432E1F31C29B2CA00BB936D /* Debug */ = {
			isa = XCBuildConfiguration;
			buildSettings = {
				ALWAYS_SEARCH_USER_PATHS = NO;
				CLANG_CXX_LANGUAGE_STANDARD = "gnu++0x";
				CLANG_CXX_LIBRARY = "libc++";
				CLANG_ENABLE_MODULES = YES;
				CLANG_ENABLE_OBJC_ARC = YES;
				CLANG_WARN_BOOL_CONVERSION = YES;
				CLANG_WARN_CONSTANT_CONVERSION = YES;
				CLANG_WARN_DIRECT_OBJC_ISA_USAGE = YES_ERROR;
				CLANG_WARN_EMPTY_BODY = YES;
				CLANG_WARN_ENUM_CONVERSION = YES;
				CLANG_WARN_INT_CONVERSION = YES;
				CLANG_WARN_OBJC_ROOT_CLASS = YES_ERROR;
				CLANG_WARN_UNREACHABLE_CODE = YES;
				CLANG_WARN__DUPLICATE_METHOD_MATCH = YES;
				CODE_SIGN_IDENTITY = "-";
				COPY_PHASE_STRIP = NO;
				DEBUG_INFORMATION_FORMAT = dwarf;
				ENABLE_STRICT_OBJC_MSGSEND = YES;
				ENABLE_TESTABILITY = YES;
				GCC_C_LANGUAGE_STANDARD = gnu99;
				GCC_DYNAMIC_NO_PIC = NO;
				GCC_NO_COMMON_BLOCKS = YES;
				GCC_OPTIMIZATION_LEVEL = 0;
				GCC_PREPROCESSOR_DEFINITIONS = (
					"DEBUG=1",
					"$(inherited)",
				);
				GCC_WARN_64_TO_32_BIT_CONVERSION = YES;
				GCC_WARN_ABOUT_RETURN_TYPE = YES_ERROR;
				GCC_WARN_UNDECLARED_SELECTOR = YES;
				GCC_WARN_UNINITIALIZED_AUTOS = YES_AGGRESSIVE;
				GCC_WARN_UNUSED_FUNCTION = YES;
				GCC_WARN_UNUSED_VARIABLE = YES;
				MACOSX_DEPLOYMENT_TARGET = 10.11;
				MTL_ENABLE_DEBUG_INFO = YES;
				ONLY_ACTIVE_ARCH = YES;
				SDKROOT = macosx;
			};
			name = Debug;
		};
		B432E1F41C29B2CA00BB936D /* Release */ = {
			isa = XCBuildConfiguration;
			buildSettings = {
				ALWAYS_SEARCH_USER_PATHS = NO;
				CLANG_CXX_LANGUAGE_STANDARD = "gnu++0x";
				CLANG_CXX_LIBRARY = "libc++";
				CLANG_ENABLE_MODULES = YES;
				CLANG_ENABLE_OBJC_ARC = YES;
				CLANG_WARN_BOOL_CONVERSION = YES;
				CLANG_WARN_CONSTANT_CONVERSION = YES;
				CLANG_WARN_DIRECT_OBJC_ISA_USAGE = YES_ERROR;
				CLANG_WARN_EMPTY_BODY = YES;
				CLANG_WARN_ENUM_CONVERSION = YES;
				CLANG_WARN_INT_CONVERSION = YES;
				CLANG_WARN_OBJC_ROOT_CLASS = YES_ERROR;
				CLANG_WARN_UNREACHABLE_CODE = YES;
				CLANG_WARN__DUPLICATE_METHOD_MATCH = YES;
				CODE_SIGN_IDENTITY = "-";
				COPY_PHASE_STRIP = NO;
				DEBUG_INFORMATION_FORMAT = "dwarf-with-dsym";
				ENABLE_NS_ASSERTIONS = NO;
				ENABLE_STRICT_OBJC_MSGSEND = YES;
				GCC_C_LANGUAGE_STANDARD = gnu99;
				GCC_NO_COMMON_BLOCKS = YES;
				GCC_WARN_64_TO_32_BIT_CONVERSION = YES;
				GCC_WARN_ABOUT_RETURN_TYPE = YES_ERROR;
				GCC_WARN_UNDECLARED_SELECTOR = YES;
				GCC_WARN_UNINITIALIZED_AUTOS = YES_AGGRESSIVE;
				GCC_WARN_UNUSED_FUNCTION = YES;
				GCC_WARN_UNUSED_VARIABLE = YES;
				MACOSX_DEPLOYMENT_TARGET = 10.11;
				MTL_ENABLE_DEBUG_INFO = NO;
				SDKROOT = macosx;
			};
			name = Release;
		};
		B432E1F61C29B2CA00BB936D /* Debug */ = {
			isa = XCBuildConfiguration;
			buildSettings = {
				ASSETCATALOG_COMPILER_APPICON_NAME = AppIcon;
				COMBINE_HIDPI_IMAGES = YES;
				INFOPLIST_FILE = "TableView-project/Info.plist";
				LD_RUNPATH_SEARCH_PATHS = "$(inherited) @executable_path/../Frameworks";
				PRODUCT_BUNDLE_IDENTIFIER = "M.TableView-project";
				PRODUCT_NAME = "$(TARGET_NAME)";
			};
			name = Debug;
		};
		B432E1F71C29B2CA00BB936D /* Release */ = {
			isa = XCBuildConfiguration;
			buildSettings = {
				ASSETCATALOG_COMPILER_APPICON_NAME = AppIcon;
				COMBINE_HIDPI_IMAGES = YES;
				INFOPLIST_FILE = "TableView-project/Info.plist";
				LD_RUNPATH_SEARCH_PATHS = "$(inherited) @executable_path/../Frameworks";
				PRODUCT_BUNDLE_IDENTIFIER = "M.TableView-project";
				PRODUCT_NAME = "$(TARGET_NAME)";
			};
			name = Release;
		};
		B432E1F91C29B2CA00BB936D /* Debug */ = {
			isa = XCBuildConfiguration;
			buildSettings = {
				BUNDLE_LOADER = "$(TEST_HOST)";
				COMBINE_HIDPI_IMAGES = YES;
				INFOPLIST_FILE = "TableView-projectTests/Info.plist";
				LD_RUNPATH_SEARCH_PATHS = "$(inherited) @executable_path/../Frameworks @loader_path/../Frameworks";
				PRODUCT_BUNDLE_IDENTIFIER = "M.TableView-projectTests";
				PRODUCT_NAME = "$(TARGET_NAME)";
				TEST_HOST = "$(BUILT_PRODUCTS_DIR)/TableView-project.app/Contents/MacOS/TableView-project";
			};
			name = Debug;
		};
		B432E1FA1C29B2CA00BB936D /* Release */ = {
			isa = XCBuildConfiguration;
			buildSettings = {
				BUNDLE_LOADER = "$(TEST_HOST)";
				COMBINE_HIDPI_IMAGES = YES;
				INFOPLIST_FILE = "TableView-projectTests/Info.plist";
				LD_RUNPATH_SEARCH_PATHS = "$(inherited) @executable_path/../Frameworks @loader_path/../Frameworks";
				PRODUCT_BUNDLE_IDENTIFIER = "M.TableView-projectTests";
				PRODUCT_NAME = "$(TARGET_NAME)";
				TEST_HOST = "$(BUILT_PRODUCTS_DIR)/TableView-project.app/Contents/MacOS/TableView-project";
			};
			name = Release;
		};
		B432E1FC1C29B2CA00BB936D /* Debug */ = {
			isa = XCBuildConfiguration;
			buildSettings = {
				COMBINE_HIDPI_IMAGES = YES;
				INFOPLIST_FILE = "TableView-projectUITests/Info.plist";
				LD_RUNPATH_SEARCH_PATHS = "$(inherited) @executable_path/../Frameworks @loader_path/../Frameworks";
				PRODUCT_BUNDLE_IDENTIFIER = "M.TableView-projectUITests";
				PRODUCT_NAME = "$(TARGET_NAME)";
				TEST_TARGET_NAME = "TableView-project";
				USES_XCTRUNNER = YES;
			};
			name = Debug;
		};
		B432E1FD1C29B2CA00BB936D /* Release */ = {
			isa = XCBuildConfiguration;
			buildSettings = {
				COMBINE_HIDPI_IMAGES = YES;
				INFOPLIST_FILE = "TableView-projectUITests/Info.plist";
				LD_RUNPATH_SEARCH_PATHS = "$(inherited) @executable_path/../Frameworks @loader_path/../Frameworks";
				PRODUCT_BUNDLE_IDENTIFIER = "M.TableView-projectUITests";
				PRODUCT_NAME = "$(TARGET_NAME)";
				TEST_TARGET_NAME = "TableView-project";
				USES_XCTRUNNER = YES;
			};
			name = Release;
		};
/* End XCBuildConfiguration section */

/* Begin XCConfigurationList section */
		B432E1C61C29B2CA00BB936D /* Build configuration list for PBXProject "TableView-project" */ = {
			isa = XCConfigurationList;
			buildConfigurations = (
				B432E1F31C29B2CA00BB936D /* Debug */,
				B432E1F41C29B2CA00BB936D /* Release */,
			);
			defaultConfigurationIsVisible = 0;
			defaultConfigurationName = Release;
		};
		B432E1F51C29B2CA00BB936D /* Build configuration list for PBXNativeTarget "TableView-project" */ = {
			isa = XCConfigurationList;
			buildConfigurations = (
				B432E1F61C29B2CA00BB936D /* Debug */,
				B432E1F71C29B2CA00BB936D /* Release */,
			);
			defaultConfigurationIsVisible = 0;
		};
		B432E1F81C29B2CA00BB936D /* Build configuration list for PBXNativeTarget "TableView-projectTests" */ = {
			isa = XCConfigurationList;
			buildConfigurations = (
				B432E1F91C29B2CA00BB936D /* Debug */,
				B432E1FA1C29B2CA00BB936D /* Release */,
			);
			defaultConfigurationIsVisible = 0;
		};
		B432E1FB1C29B2CA00BB936D /* Build configuration list for PBXNativeTarget "TableView-projectUITests" */ = {
			isa = XCConfigurationList;
			buildConfigurations = (
				B432E1FC1C29B2CA00BB936D /* Debug */,
				B432E1FD1C29B2CA00BB936D /* Release */,
			);
			defaultConfigurationIsVisible = 0;
		};
/* End XCConfigurationList section */
	};
	rootObject = B432E1C31C29B2CA00BB936D /* Project object */;
}
